// !$*UTF8*$!
{
	archiveVersion = 1;
	classes = {
	};
	objectVersion = 46;
	objects = {

/* Begin PBXBuildFile section */
		C03E5B501D3FF40B00E6A3F8 /* MailCore.framework in Frameworks */ = {isa = PBXBuildFile; fileRef = C03E5B491D3FF3F600E6A3F8 /* MailCore.framework */; };
		C03E5B561D3FF49400E6A3F8 /* MailCore.framework in CopyFiles */ = {isa = PBXBuildFile; fileRef = C03E5B491D3FF3F600E6A3F8 /* MailCore.framework */; settings = {ATTRIBUTES = (CodeSignOnCopy, RemoveHeadersOnCopy, ); }; };
		C03E5B591D400A4400E6A3F8 /* Show.swift in Sources */ = {isa = PBXBuildFile; fileRef = C03E5B581D400A4400E6A3F8 /* Show.swift */; };
		C03E5B5B1D400A7E00E6A3F8 /* Automator.swift in Sources */ = {isa = PBXBuildFile; fileRef = C03E5B5A1D400A7E00E6A3F8 /* Automator.swift */; };
		C04E0E7A1B74E4A000CBAEE6 /* GearIcon.icns in Resources */ = {isa = PBXBuildFile; fileRef = C04E0E791B74E4A000CBAEE6 /* GearIcon.icns */; };
		C04E0E831B74E58A00CBAEE6 /* GearIcon.icns in Resources */ = {isa = PBXBuildFile; fileRef = C04E0E821B74E58A00CBAEE6 /* GearIcon.icns */; };
		C05E5B951B6D67D500929A69 /* Preferences.m in Sources */ = {isa = PBXBuildFile; fileRef = C05E5B941B6D67D500929A69 /* Preferences.m */; };
		C076748C1B7A417800F15D2D /* Gear Icon.icns in Resources */ = {isa = PBXBuildFile; fileRef = C076748B1B7A417800F15D2D /* Gear Icon.icns */; };
		C09486481B69A56100F8F2D2 /* main.m in Sources */ = {isa = PBXBuildFile; fileRef = C09486471B69A56100F8F2D2 /* main.m */; };
		C094864A1B69A56100F8F2D2 /* Images.xcassets in Resources */ = {isa = PBXBuildFile; fileRef = C09486491B69A56100F8F2D2 /* Images.xcassets */; };
		C094864D1B69A56100F8F2D2 /* MainMenu.xib in Resources */ = {isa = PBXBuildFile; fileRef = C094864B1B69A56100F8F2D2 /* MainMenu.xib */; };
		C09486591B69A56100F8F2D2 /* Automated_SecretaryTests.m in Sources */ = {isa = PBXBuildFile; fileRef = C09486581B69A56100F8F2D2 /* Automated_SecretaryTests.m */; };
		C094BCF91B69A60B0070D914 /* Security.framework in Frameworks */ = {isa = PBXBuildFile; fileRef = C094BCF81B69A60B0070D914 /* Security.framework */; };
		C094BD0B1B69A73C0070D914 /* MailController.m in Sources */ = {isa = PBXBuildFile; fileRef = C094BD091B69A73C0070D914 /* MailController.m */; };
		C094BD0E1B69A7870070D914 /* Show.m in Sources */ = {isa = PBXBuildFile; fileRef = C094BD0C1B69A7870070D914 /* Show.m */; };
		C094BD111B69A79F0070D914 /* ShowTableView.m in Sources */ = {isa = PBXBuildFile; fileRef = C094BD0F1B69A79F0070D914 /* ShowTableView.m */; };
		C0B773041B7075B8002B36F6 /* AttendanceTableView.m in Sources */ = {isa = PBXBuildFile; fileRef = C0B773031B7075B8002B36F6 /* AttendanceTableView.m */; };
		C0EC21571CD252FB0065D2A3 /* GTMSessionFetcher.m in Sources */ = {isa = PBXBuildFile; fileRef = C0EC214A1CD252FB0065D2A3 /* GTMSessionFetcher.m */; };
		C0EC21581CD252FB0065D2A3 /* GTMOAuth2WindowController.m in Sources */ = {isa = PBXBuildFile; fileRef = C0EC214C1CD252FB0065D2A3 /* GTMOAuth2WindowController.m */; settings = {COMPILER_FLAGS = "-fno-objc-arc"; }; };
		C0EC21591CD252FB0065D2A3 /* GTMOAuth2Window.xib in Resources */ = {isa = PBXBuildFile; fileRef = C0EC214E1CD252FB0065D2A3 /* GTMOAuth2Window.xib */; };
		C0EC215A1CD252FB0065D2A3 /* GTMOAuth2SignIn.m in Sources */ = {isa = PBXBuildFile; fileRef = C0EC214F1CD252FB0065D2A3 /* GTMOAuth2SignIn.m */; settings = {COMPILER_FLAGS = "-fno-objc-arc"; }; };
		C0EC215B1CD252FB0065D2A3 /* GTMOAuth2Authentication.m in Sources */ = {isa = PBXBuildFile; fileRef = C0EC21511CD252FB0065D2A3 /* GTMOAuth2Authentication.m */; settings = {COMPILER_FLAGS = "-fno-objc-arc"; }; };
		C0EC215C1CD252FB0065D2A3 /* GTMHTTPFetchHistory.m in Sources */ = {isa = PBXBuildFile; fileRef = C0EC21531CD252FB0065D2A3 /* GTMHTTPFetchHistory.m */; settings = {COMPILER_FLAGS = "-fno-objc-arc"; }; };
		C0EC215D1CD252FB0065D2A3 /* GTMHTTPFetcher.m in Sources */ = {isa = PBXBuildFile; fileRef = C0EC21551CD252FB0065D2A3 /* GTMHTTPFetcher.m */; settings = {COMPILER_FLAGS = "-fno-objc-arc"; }; };
		C0EC21681CD256CF0065D2A3 /* SystemConfiguration.framework in Frameworks */ = {isa = PBXBuildFile; fileRef = C0EC21671CD256CF0065D2A3 /* SystemConfiguration.framework */; };
		C0EC21771CD26AD80065D2A3 /* WebKit.framework in Frameworks */ = {isa = PBXBuildFile; fileRef = C0EC21691CD257110065D2A3 /* WebKit.framework */; };
		C0F7256B1B714E2C00745A92 /* AppDelegate.m in Sources */ = {isa = PBXBuildFile; fileRef = C0F7256A1B714E2C00745A92 /* AppDelegate.m */; };
		C0F7256F1B73D13500745A92 /* adminAccess.m in Sources */ = {isa = PBXBuildFile; fileRef = C0F7256E1B73D13500745A92 /* adminAccess.m */; };
/* End PBXBuildFile section */

/* Begin PBXContainerItemProxy section */
		C03E5B401D3FF3F600E6A3F8 /* PBXContainerItemProxy */ = {
			isa = PBXContainerItemProxy;
			containerPortal = C03E5B351D3FF3F600E6A3F8 /* mailcore2.xcodeproj */;
			proxyType = 2;
			remoteGlobalIDString = C64EA537169E772200778456;
			remoteInfo = "static mailcore2 osx";
		};
		C03E5B421D3FF3F600E6A3F8 /* PBXContainerItemProxy */ = {
			isa = PBXContainerItemProxy;
			containerPortal = C03E5B351D3FF3F600E6A3F8 /* mailcore2.xcodeproj */;
			proxyType = 2;
			remoteGlobalIDString = C6BA2C191705F4E6003F0E9E;
			remoteInfo = "static mailcore2 ios";
		};
		C03E5B441D3FF3F600E6A3F8 /* PBXContainerItemProxy */ = {
			isa = PBXContainerItemProxy;
			containerPortal = C03E5B351D3FF3F600E6A3F8 /* mailcore2.xcodeproj */;
			proxyType = 2;
			remoteGlobalIDString = C64EA78C169F259200778456;
			remoteInfo = tests;
		};
		C03E5B461D3FF3F600E6A3F8 /* PBXContainerItemProxy */ = {
			isa = PBXContainerItemProxy;
			containerPortal = C03E5B351D3FF3F600E6A3F8 /* mailcore2.xcodeproj */;
			proxyType = 2;
			remoteGlobalIDString = C6A81B911706840C00882C15;
			remoteInfo = "test-ios";
		};
		C03E5B481D3FF3F600E6A3F8 /* PBXContainerItemProxy */ = {
			isa = PBXContainerItemProxy;
			containerPortal = C03E5B351D3FF3F600E6A3F8 /* mailcore2.xcodeproj */;
			proxyType = 2;
			remoteGlobalIDString = C6BD288D170BD71100A91AC1;
			remoteInfo = "mailcore osx";
		};
		C03E5B4A1D3FF3F600E6A3F8 /* PBXContainerItemProxy */ = {
			isa = PBXContainerItemProxy;
			containerPortal = C03E5B351D3FF3F600E6A3F8 /* mailcore2.xcodeproj */;
			proxyType = 2;
			remoteGlobalIDString = 27780C3A19CF9CD100C77E44;
			remoteInfo = "mailcore ios";
		};
		C03E5B4C1D3FF3F600E6A3F8 /* PBXContainerItemProxy */ = {
			isa = PBXContainerItemProxy;
			containerPortal = C03E5B351D3FF3F600E6A3F8 /* mailcore2.xcodeproj */;
			proxyType = 2;
			remoteGlobalIDString = C6B5AE0219F630B3001352A6;
			remoteInfo = unittest;
		};
		C03E5B4E1D3FF3F600E6A3F8 /* PBXContainerItemProxy */ = {
			isa = PBXContainerItemProxy;
			containerPortal = C03E5B351D3FF3F600E6A3F8 /* mailcore2.xcodeproj */;
			proxyType = 2;
			remoteGlobalIDString = C600B6141A242C3F000728F1;
			remoteInfo = unittestcpp;
		};
		C03E5B531D3FF45700E6A3F8 /* PBXContainerItemProxy */ = {
			isa = PBXContainerItemProxy;
			containerPortal = C03E5B351D3FF3F600E6A3F8 /* mailcore2.xcodeproj */;
			proxyType = 1;
			remoteGlobalIDString = C6BD288C170BD71100A91AC1;
			remoteInfo = "mailcore osx";
		};
		C09486531B69A56100F8F2D2 /* PBXContainerItemProxy */ = {
			isa = PBXContainerItemProxy;
			containerPortal = C09486371B69A56100F8F2D2 /* Project object */;
			proxyType = 1;
			remoteGlobalIDString = C094863E1B69A56100F8F2D2;
			remoteInfo = "Automated Secretary";
		};
/* End PBXContainerItemProxy section */

/* Begin PBXCopyFilesBuildPhase section */
		C094BCFD1B69A6810070D914 /* CopyFiles */ = {
			isa = PBXCopyFilesBuildPhase;
			buildActionMask = 2147483647;
			dstPath = "";
			dstSubfolderSpec = 10;
			files = (
				C03E5B561D3FF49400E6A3F8 /* MailCore.framework in CopyFiles */,
			);
			runOnlyForDeploymentPostprocessing = 0;
		};
/* End PBXCopyFilesBuildPhase section */

/* Begin PBXFileReference section */
		C03E5B351D3FF3F600E6A3F8 /* mailcore2.xcodeproj */ = {isa = PBXFileReference; lastKnownFileType = "wrapper.pb-project"; name = mailcore2.xcodeproj; path = "Automated Secretary/mailcore2/build-mac/mailcore2.xcodeproj"; sourceTree = "<group>"; };
		C03E5B571D400A4400E6A3F8 /* Automated Secretary-Bridging-Header.h */ = {isa = PBXFileReference; lastKnownFileType = sourcecode.c.h; path = "Automated Secretary-Bridging-Header.h"; sourceTree = "<group>"; };
		C03E5B581D400A4400E6A3F8 /* Show.swift */ = {isa = PBXFileReference; fileEncoding = 4; lastKnownFileType = sourcecode.swift; path = Show.swift; sourceTree = "<group>"; };
		C03E5B5A1D400A7E00E6A3F8 /* Automator.swift */ = {isa = PBXFileReference; fileEncoding = 4; lastKnownFileType = sourcecode.swift; path = Automator.swift; sourceTree = "<group>"; };
		C04E0E791B74E4A000CBAEE6 /* GearIcon.icns */ = {isa = PBXFileReference; lastKnownFileType = image.icns; path = GearIcon.icns; sourceTree = "<group>"; };
		C04E0E821B74E58A00CBAEE6 /* GearIcon.icns */ = {isa = PBXFileReference; lastKnownFileType = image.icns; path = GearIcon.icns; sourceTree = "<group>"; };
		C05E5B931B6D67D500929A69 /* Preferences.h */ = {isa = PBXFileReference; fileEncoding = 4; lastKnownFileType = sourcecode.c.h; path = Preferences.h; sourceTree = "<group>"; };
		C05E5B941B6D67D500929A69 /* Preferences.m */ = {isa = PBXFileReference; fileEncoding = 4; lastKnownFileType = sourcecode.c.objc; path = Preferences.m; sourceTree = "<group>"; };
		C076748B1B7A417800F15D2D /* Gear Icon.icns */ = {isa = PBXFileReference; lastKnownFileType = image.icns; path = "Gear Icon.icns"; sourceTree = "<group>"; };
		C094863F1B69A56100F8F2D2 /* Automated Secretary.app */ = {isa = PBXFileReference; explicitFileType = wrapper.application; includeInIndex = 0; path = "Automated Secretary.app"; sourceTree = BUILT_PRODUCTS_DIR; };
		C09486431B69A56100F8F2D2 /* Info.plist */ = {isa = PBXFileReference; lastKnownFileType = text.plist.xml; path = Info.plist; sourceTree = "<group>"; };
		C09486441B69A56100F8F2D2 /* AppDelegate.h */ = {isa = PBXFileReference; lastKnownFileType = sourcecode.c.h; path = AppDelegate.h; sourceTree = "<group>"; };
		C09486471B69A56100F8F2D2 /* main.m */ = {isa = PBXFileReference; lastKnownFileType = sourcecode.c.objc; path = main.m; sourceTree = "<group>"; };
		C09486491B69A56100F8F2D2 /* Images.xcassets */ = {isa = PBXFileReference; lastKnownFileType = folder.assetcatalog; path = Images.xcassets; sourceTree = "<group>"; };
		C094864C1B69A56100F8F2D2 /* Base */ = {isa = PBXFileReference; lastKnownFileType = file.xib; name = Base; path = Base.lproj/MainMenu.xib; sourceTree = "<group>"; };
		C09486521B69A56100F8F2D2 /* Automated SecretaryTests.xctest */ = {isa = PBXFileReference; explicitFileType = wrapper.cfbundle; includeInIndex = 0; path = "Automated SecretaryTests.xctest"; sourceTree = BUILT_PRODUCTS_DIR; };
		C09486571B69A56100F8F2D2 /* Info.plist */ = {isa = PBXFileReference; lastKnownFileType = text.plist.xml; path = Info.plist; sourceTree = "<group>"; };
		C09486581B69A56100F8F2D2 /* Automated_SecretaryTests.m */ = {isa = PBXFileReference; lastKnownFileType = sourcecode.c.objc; path = Automated_SecretaryTests.m; sourceTree = "<group>"; };
		C094BCF81B69A60B0070D914 /* Security.framework */ = {isa = PBXFileReference; lastKnownFileType = wrapper.framework; name = Security.framework; path = System/Library/Frameworks/Security.framework; sourceTree = SDKROOT; };
		C094BD091B69A73C0070D914 /* MailController.m */ = {isa = PBXFileReference; fileEncoding = 4; lastKnownFileType = sourcecode.c.objc; path = MailController.m; sourceTree = "<group>"; };
		C094BD0A1B69A73C0070D914 /* MailController.h */ = {isa = PBXFileReference; fileEncoding = 4; lastKnownFileType = sourcecode.c.h; path = MailController.h; sourceTree = "<group>"; };
		C094BD0C1B69A7870070D914 /* Show.m */ = {isa = PBXFileReference; fileEncoding = 4; lastKnownFileType = sourcecode.c.objc; path = Show.m; sourceTree = "<group>"; };
		C094BD0D1B69A7870070D914 /* Show.h */ = {isa = PBXFileReference; fileEncoding = 4; lastKnownFileType = sourcecode.c.h; path = Show.h; sourceTree = "<group>"; };
		C094BD0F1B69A79F0070D914 /* ShowTableView.m */ = {isa = PBXFileReference; fileEncoding = 4; lastKnownFileType = sourcecode.c.objc; path = ShowTableView.m; sourceTree = "<group>"; };
		C094BD101B69A79F0070D914 /* ShowTableView.h */ = {isa = PBXFileReference; fileEncoding = 4; lastKnownFileType = sourcecode.c.h; path = ShowTableView.h; sourceTree = "<group>"; };
		C0B773021B7075B8002B36F6 /* AttendanceTableView.h */ = {isa = PBXFileReference; fileEncoding = 4; lastKnownFileType = sourcecode.c.h; path = AttendanceTableView.h; sourceTree = "<group>"; };
		C0B773031B7075B8002B36F6 /* AttendanceTableView.m */ = {isa = PBXFileReference; fileEncoding = 4; lastKnownFileType = sourcecode.c.objc; path = AttendanceTableView.m; sourceTree = "<group>"; };
		C0EC214A1CD252FB0065D2A3 /* GTMSessionFetcher.m */ = {isa = PBXFileReference; fileEncoding = 4; lastKnownFileType = sourcecode.c.objc; path = GTMSessionFetcher.m; sourceTree = "<group>"; };
		C0EC214B1CD252FB0065D2A3 /* GTMSessionFetcher.h */ = {isa = PBXFileReference; fileEncoding = 4; lastKnownFileType = sourcecode.c.h; path = GTMSessionFetcher.h; sourceTree = "<group>"; };
		C0EC214C1CD252FB0065D2A3 /* GTMOAuth2WindowController.m */ = {isa = PBXFileReference; fileEncoding = 4; lastKnownFileType = sourcecode.c.objc; path = GTMOAuth2WindowController.m; sourceTree = "<group>"; };
		C0EC214D1CD252FB0065D2A3 /* GTMOAuth2WindowController.h */ = {isa = PBXFileReference; fileEncoding = 4; lastKnownFileType = sourcecode.c.h; path = GTMOAuth2WindowController.h; sourceTree = "<group>"; };
		C0EC214E1CD252FB0065D2A3 /* GTMOAuth2Window.xib */ = {isa = PBXFileReference; fileEncoding = 4; lastKnownFileType = file.xib; path = GTMOAuth2Window.xib; sourceTree = "<group>"; };
		C0EC214F1CD252FB0065D2A3 /* GTMOAuth2SignIn.m */ = {isa = PBXFileReference; fileEncoding = 4; lastKnownFileType = sourcecode.c.objc; path = GTMOAuth2SignIn.m; sourceTree = "<group>"; };
		C0EC21501CD252FB0065D2A3 /* GTMOAuth2SignIn.h */ = {isa = PBXFileReference; fileEncoding = 4; lastKnownFileType = sourcecode.c.h; path = GTMOAuth2SignIn.h; sourceTree = "<group>"; };
		C0EC21511CD252FB0065D2A3 /* GTMOAuth2Authentication.m */ = {isa = PBXFileReference; fileEncoding = 4; lastKnownFileType = sourcecode.c.objc; path = GTMOAuth2Authentication.m; sourceTree = "<group>"; };
		C0EC21521CD252FB0065D2A3 /* GTMOAuth2Authentication.h */ = {isa = PBXFileReference; fileEncoding = 4; lastKnownFileType = sourcecode.c.h; path = GTMOAuth2Authentication.h; sourceTree = "<group>"; };
		C0EC21531CD252FB0065D2A3 /* GTMHTTPFetchHistory.m */ = {isa = PBXFileReference; fileEncoding = 4; lastKnownFileType = sourcecode.c.objc; path = GTMHTTPFetchHistory.m; sourceTree = "<group>"; };
		C0EC21541CD252FB0065D2A3 /* GTMHTTPFetchHistory.h */ = {isa = PBXFileReference; fileEncoding = 4; lastKnownFileType = sourcecode.c.h; path = GTMHTTPFetchHistory.h; sourceTree = "<group>"; };
		C0EC21551CD252FB0065D2A3 /* GTMHTTPFetcher.m */ = {isa = PBXFileReference; fileEncoding = 4; lastKnownFileType = sourcecode.c.objc; path = GTMHTTPFetcher.m; sourceTree = "<group>"; };
		C0EC21561CD252FB0065D2A3 /* GTMHTTPFetcher.h */ = {isa = PBXFileReference; fileEncoding = 4; lastKnownFileType = sourcecode.c.h; path = GTMHTTPFetcher.h; sourceTree = "<group>"; };
		C0EC21671CD256CF0065D2A3 /* SystemConfiguration.framework */ = {isa = PBXFileReference; lastKnownFileType = wrapper.framework; name = SystemConfiguration.framework; path = System/Library/Frameworks/SystemConfiguration.framework; sourceTree = SDKROOT; };
		C0EC21691CD257110065D2A3 /* WebKit.framework */ = {isa = PBXFileReference; lastKnownFileType = wrapper.framework; name = WebKit.framework; path = System/Library/Frameworks/WebKit.framework; sourceTree = SDKROOT; };
		C0F7256A1B714E2C00745A92 /* AppDelegate.m */ = {isa = PBXFileReference; fileEncoding = 4; lastKnownFileType = sourcecode.c.objc; path = AppDelegate.m; sourceTree = "<group>"; };
		C0F7256D1B73D13500745A92 /* adminAccess.h */ = {isa = PBXFileReference; fileEncoding = 4; lastKnownFileType = sourcecode.c.h; path = adminAccess.h; sourceTree = "<group>"; };
		C0F7256E1B73D13500745A92 /* adminAccess.m */ = {isa = PBXFileReference; fileEncoding = 4; lastKnownFileType = sourcecode.c.objc; path = adminAccess.m; sourceTree = "<group>"; };
/* End PBXFileReference section */

/* Begin PBXFrameworksBuildPhase section */
		C094863C1B69A56100F8F2D2 /* Frameworks */ = {
			isa = PBXFrameworksBuildPhase;
			buildActionMask = 2147483647;
			files = (
				C03E5B501D3FF40B00E6A3F8 /* MailCore.framework in Frameworks */,
				C0EC21771CD26AD80065D2A3 /* WebKit.framework in Frameworks */,
				C0EC21681CD256CF0065D2A3 /* SystemConfiguration.framework in Frameworks */,
				C094BCF91B69A60B0070D914 /* Security.framework in Frameworks */,
			);
			runOnlyForDeploymentPostprocessing = 0;
		};
		C094864F1B69A56100F8F2D2 /* Frameworks */ = {
			isa = PBXFrameworksBuildPhase;
			buildActionMask = 2147483647;
			files = (
			);
			runOnlyForDeploymentPostprocessing = 0;
		};
/* End PBXFrameworksBuildPhase section */

/* Begin PBXGroup section */
		C03E5B361D3FF3F600E6A3F8 /* Products */ = {
			isa = PBXGroup;
			children = (
				C03E5B411D3FF3F600E6A3F8 /* libMailCore.a */,
				C03E5B431D3FF3F600E6A3F8 /* libMailCore-ios.a */,
				C03E5B451D3FF3F600E6A3F8 /* tests */,
				C03E5B471D3FF3F600E6A3F8 /* test-ios.app */,
				C03E5B491D3FF3F600E6A3F8 /* MailCore.framework */,
				C03E5B4B1D3FF3F600E6A3F8 /* MailCore.framework */,
				C03E5B4D1D3FF3F600E6A3F8 /* unittest.xctest */,
				C03E5B4F1D3FF3F600E6A3F8 /* unittestcpp */,
			);
			name = Products;
			sourceTree = "<group>";
		};
		C09486361B69A56100F8F2D2 = {
			isa = PBXGroup;
			children = (
				C094BCF81B69A60B0070D914 /* Security.framework */,
				C0EC21691CD257110065D2A3 /* WebKit.framework */,
				C0EC21671CD256CF0065D2A3 /* SystemConfiguration.framework */,
				C03E5B351D3FF3F600E6A3F8 /* mailcore2.xcodeproj */,
				C076748B1B7A417800F15D2D /* Gear Icon.icns */,
				C04E0E791B74E4A000CBAEE6 /* GearIcon.icns */,
				C09486411B69A56100F8F2D2 /* Automated Secretary */,
				C09486551B69A56100F8F2D2 /* Automated SecretaryTests */,
				C09486401B69A56100F8F2D2 /* Products */,
			);
			sourceTree = "<group>";
		};
		C09486401B69A56100F8F2D2 /* Products */ = {
			isa = PBXGroup;
			children = (
				C094863F1B69A56100F8F2D2 /* Automated Secretary.app */,
				C09486521B69A56100F8F2D2 /* Automated SecretaryTests.xctest */,
			);
			name = Products;
			sourceTree = "<group>";
		};
		C09486411B69A56100F8F2D2 /* Automated Secretary */ = {
			isa = PBXGroup;
			children = (
				C0EC21661CD253040065D2A3 /* OAuth 2.0 */,
				C03E5B581D400A4400E6A3F8 /* Show.swift */,
				C03E5B5A1D400A7E00E6A3F8 /* Automator.swift */,
				C09486441B69A56100F8F2D2 /* AppDelegate.h */,
				C0F7256A1B714E2C00745A92 /* AppDelegate.m */,
				C05E5B931B6D67D500929A69 /* Preferences.h */,
				C05E5B941B6D67D500929A69 /* Preferences.m */,
				C094BD0A1B69A73C0070D914 /* MailController.h */,
				C094BD091B69A73C0070D914 /* MailController.m */,
				C094BD0D1B69A7870070D914 /* Show.h */,
				C094BD0C1B69A7870070D914 /* Show.m */,
				C094BD101B69A79F0070D914 /* ShowTableView.h */,
				C094BD0F1B69A79F0070D914 /* ShowTableView.m */,
				C0B773021B7075B8002B36F6 /* AttendanceTableView.h */,
				C0B773031B7075B8002B36F6 /* AttendanceTableView.m */,
				C0F7256D1B73D13500745A92 /* adminAccess.h */,
				C0F7256E1B73D13500745A92 /* adminAccess.m */,
				C09486491B69A56100F8F2D2 /* Images.xcassets */,
				C04E0E821B74E58A00CBAEE6 /* GearIcon.icns */,
				C094864B1B69A56100F8F2D2 /* MainMenu.xib */,
				C09486421B69A56100F8F2D2 /* Supporting Files */,
			);
			path = "Automated Secretary";
			sourceTree = "<group>";
		};
		C09486421B69A56100F8F2D2 /* Supporting Files */ = {
			isa = PBXGroup;
			children = (
				C09486431B69A56100F8F2D2 /* Info.plist */,
				C09486471B69A56100F8F2D2 /* main.m */,
			);
			name = "Supporting Files";
			sourceTree = "<group>";
		};
		C09486551B69A56100F8F2D2 /* Automated SecretaryTests */ = {
			isa = PBXGroup;
			children = (
				C09486581B69A56100F8F2D2 /* Automated_SecretaryTests.m */,
				C09486561B69A56100F8F2D2 /* Supporting Files */,
			);
			path = "Automated SecretaryTests";
			sourceTree = "<group>";
		};
		C09486561B69A56100F8F2D2 /* Supporting Files */ = {
			isa = PBXGroup;
			children = (
				C09486571B69A56100F8F2D2 /* Info.plist */,
			);
			name = "Supporting Files";
			sourceTree = "<group>";
		};
		C0EC21661CD253040065D2A3 /* OAuth 2.0 */ = {
			isa = PBXGroup;
			children = (
				C0EC214A1CD252FB0065D2A3 /* GTMSessionFetcher.m */,
				C0EC214B1CD252FB0065D2A3 /* GTMSessionFetcher.h */,
				C0EC214C1CD252FB0065D2A3 /* GTMOAuth2WindowController.m */,
				C0EC214D1CD252FB0065D2A3 /* GTMOAuth2WindowController.h */,
				C0EC214E1CD252FB0065D2A3 /* GTMOAuth2Window.xib */,
				C0EC214F1CD252FB0065D2A3 /* GTMOAuth2SignIn.m */,
				C0EC21501CD252FB0065D2A3 /* GTMOAuth2SignIn.h */,
				C0EC21511CD252FB0065D2A3 /* GTMOAuth2Authentication.m */,
				C0EC21521CD252FB0065D2A3 /* GTMOAuth2Authentication.h */,
				C0EC21531CD252FB0065D2A3 /* GTMHTTPFetchHistory.m */,
				C0EC21541CD252FB0065D2A3 /* GTMHTTPFetchHistory.h */,
				C0EC21551CD252FB0065D2A3 /* GTMHTTPFetcher.m */,
				C0EC21561CD252FB0065D2A3 /* GTMHTTPFetcher.h */,
				C03E5B571D400A4400E6A3F8 /* Automated Secretary-Bridging-Header.h */,
			);
			name = "OAuth 2.0";
			sourceTree = "<group>";
		};
/* End PBXGroup section */

/* Begin PBXNativeTarget section */
		C094863E1B69A56100F8F2D2 /* Automated Secretary */ = {
			isa = PBXNativeTarget;
			buildConfigurationList = C094865C1B69A56100F8F2D2 /* Build configuration list for PBXNativeTarget "Automated Secretary" */;
			buildPhases = (
				C094863B1B69A56100F8F2D2 /* Sources */,
				C094863C1B69A56100F8F2D2 /* Frameworks */,
				C094863D1B69A56100F8F2D2 /* Resources */,
				C094BCFD1B69A6810070D914 /* CopyFiles */,
			);
			buildRules = (
			);
			dependencies = (
				C03E5B541D3FF45700E6A3F8 /* PBXTargetDependency */,
			);
			name = "Automated Secretary";
			productName = "Automated Secretary";
			productReference = C094863F1B69A56100F8F2D2 /* Automated Secretary.app */;
			productType = "com.apple.product-type.application";
		};
		C09486511B69A56100F8F2D2 /* Automated SecretaryTests */ = {
			isa = PBXNativeTarget;
			buildConfigurationList = C094865F1B69A56100F8F2D2 /* Build configuration list for PBXNativeTarget "Automated SecretaryTests" */;
			buildPhases = (
				C094864E1B69A56100F8F2D2 /* Sources */,
				C094864F1B69A56100F8F2D2 /* Frameworks */,
				C09486501B69A56100F8F2D2 /* Resources */,
			);
			buildRules = (
			);
			dependencies = (
				C09486541B69A56100F8F2D2 /* PBXTargetDependency */,
			);
			name = "Automated SecretaryTests";
			productName = "Automated SecretaryTests";
			productReference = C09486521B69A56100F8F2D2 /* Automated SecretaryTests.xctest */;
			productType = "com.apple.product-type.bundle.unit-test";
		};
/* End PBXNativeTarget section */

/* Begin PBXProject section */
		C09486371B69A56100F8F2D2 /* Project object */ = {
			isa = PBXProject;
			attributes = {
				LastUpgradeCheck = 0730;
				ORGANIZATIONNAME = WCNURadio;
				TargetAttributes = {
					C094863E1B69A56100F8F2D2 = {
						CreatedOnToolsVersion = 6.4;
					};
					C09486511B69A56100F8F2D2 = {
						CreatedOnToolsVersion = 6.4;
						TestTargetID = C094863E1B69A56100F8F2D2;
					};
				};
			};
			buildConfigurationList = C094863A1B69A56100F8F2D2 /* Build configuration list for PBXProject "Automated Secretary" */;
			compatibilityVersion = "Xcode 3.2";
			developmentRegion = English;
			hasScannedForEncodings = 0;
			knownRegions = (
				en,
				Base,
			);
			mainGroup = C09486361B69A56100F8F2D2;
			productRefGroup = C09486401B69A56100F8F2D2 /* Products */;
			projectDirPath = "";
			projectReferences = (
				{
					ProductGroup = C03E5B361D3FF3F600E6A3F8 /* Products */;
					ProjectRef = C03E5B351D3FF3F600E6A3F8 /* mailcore2.xcodeproj */;
				},
			);
			projectRoot = "";
			targets = (
				C094863E1B69A56100F8F2D2 /* Automated Secretary */,
				C09486511B69A56100F8F2D2 /* Automated SecretaryTests */,
			);
		};
/* End PBXProject section */

/* Begin PBXReferenceProxy section */
		C03E5B411D3FF3F600E6A3F8 /* libMailCore.a */ = {
			isa = PBXReferenceProxy;
			fileType = archive.ar;
			path = libMailCore.a;
			remoteRef = C03E5B401D3FF3F600E6A3F8 /* PBXContainerItemProxy */;
			sourceTree = BUILT_PRODUCTS_DIR;
		};
		C03E5B431D3FF3F600E6A3F8 /* libMailCore-ios.a */ = {
			isa = PBXReferenceProxy;
			fileType = archive.ar;
			path = "libMailCore-ios.a";
			remoteRef = C03E5B421D3FF3F600E6A3F8 /* PBXContainerItemProxy */;
			sourceTree = BUILT_PRODUCTS_DIR;
		};
		C03E5B451D3FF3F600E6A3F8 /* tests */ = {
			isa = PBXReferenceProxy;
			fileType = "compiled.mach-o.executable";
			path = tests;
			remoteRef = C03E5B441D3FF3F600E6A3F8 /* PBXContainerItemProxy */;
			sourceTree = BUILT_PRODUCTS_DIR;
		};
		C03E5B471D3FF3F600E6A3F8 /* test-ios.app */ = {
			isa = PBXReferenceProxy;
			fileType = wrapper.application;
			path = "test-ios.app";
			remoteRef = C03E5B461D3FF3F600E6A3F8 /* PBXContainerItemProxy */;
			sourceTree = BUILT_PRODUCTS_DIR;
		};
		C03E5B491D3FF3F600E6A3F8 /* MailCore.framework */ = {
			isa = PBXReferenceProxy;
			fileType = wrapper.framework;
			path = MailCore.framework;
			remoteRef = C03E5B481D3FF3F600E6A3F8 /* PBXContainerItemProxy */;
			sourceTree = BUILT_PRODUCTS_DIR;
		};
		C03E5B4B1D3FF3F600E6A3F8 /* MailCore.framework */ = {
			isa = PBXReferenceProxy;
			fileType = wrapper.framework;
			path = MailCore.framework;
			remoteRef = C03E5B4A1D3FF3F600E6A3F8 /* PBXContainerItemProxy */;
			sourceTree = BUILT_PRODUCTS_DIR;
		};
		C03E5B4D1D3FF3F600E6A3F8 /* unittest.xctest */ = {
			isa = PBXReferenceProxy;
			fileType = wrapper.cfbundle;
			path = unittest.xctest;
			remoteRef = C03E5B4C1D3FF3F600E6A3F8 /* PBXContainerItemProxy */;
			sourceTree = BUILT_PRODUCTS_DIR;
		};
		C03E5B4F1D3FF3F600E6A3F8 /* unittestcpp */ = {
			isa = PBXReferenceProxy;
			fileType = "compiled.mach-o.executable";
			path = unittestcpp;
			remoteRef = C03E5B4E1D3FF3F600E6A3F8 /* PBXContainerItemProxy */;
			sourceTree = BUILT_PRODUCTS_DIR;
		};
/* End PBXReferenceProxy section */

/* Begin PBXResourcesBuildPhase section */
		C094863D1B69A56100F8F2D2 /* Resources */ = {
			isa = PBXResourcesBuildPhase;
			buildActionMask = 2147483647;
			files = (
				C04E0E831B74E58A00CBAEE6 /* GearIcon.icns in Resources */,
				C04E0E7A1B74E4A000CBAEE6 /* GearIcon.icns in Resources */,
				C076748C1B7A417800F15D2D /* Gear Icon.icns in Resources */,
				C094864A1B69A56100F8F2D2 /* Images.xcassets in Resources */,
				C094864D1B69A56100F8F2D2 /* MainMenu.xib in Resources */,
				C0EC21591CD252FB0065D2A3 /* GTMOAuth2Window.xib in Resources */,
			);
			runOnlyForDeploymentPostprocessing = 0;
		};
		C09486501B69A56100F8F2D2 /* Resources */ = {
			isa = PBXResourcesBuildPhase;
			buildActionMask = 2147483647;
			files = (
			);
			runOnlyForDeploymentPostprocessing = 0;
		};
/* End PBXResourcesBuildPhase section */

/* Begin PBXSourcesBuildPhase section */
		C094863B1B69A56100F8F2D2 /* Sources */ = {
			isa = PBXSourcesBuildPhase;
			buildActionMask = 2147483647;
			files = (
				C03E5B591D400A4400E6A3F8 /* Show.swift in Sources */,
				C03E5B5B1D400A7E00E6A3F8 /* Automator.swift in Sources */,
				C0B773041B7075B8002B36F6 /* AttendanceTableView.m in Sources */,
				C09486481B69A56100F8F2D2 /* main.m in Sources */,
				C0EC215C1CD252FB0065D2A3 /* GTMHTTPFetchHistory.m in Sources */,
				C094BD0B1B69A73C0070D914 /* MailController.m in Sources */,
				C0EC215B1CD252FB0065D2A3 /* GTMOAuth2Authentication.m in Sources */,
				C0F7256F1B73D13500745A92 /* adminAccess.m in Sources */,
				C094BD111B69A79F0070D914 /* ShowTableView.m in Sources */,
				C094BD0E1B69A7870070D914 /* Show.m in Sources */,
				C0EC215D1CD252FB0065D2A3 /* GTMHTTPFetcher.m in Sources */,
				C05E5B951B6D67D500929A69 /* Preferences.m in Sources */,
				C0EC215A1CD252FB0065D2A3 /* GTMOAuth2SignIn.m in Sources */,
				C0F7256B1B714E2C00745A92 /* AppDelegate.m in Sources */,
				C0EC21571CD252FB0065D2A3 /* GTMSessionFetcher.m in Sources */,
				C0EC21581CD252FB0065D2A3 /* GTMOAuth2WindowController.m in Sources */,
			);
			runOnlyForDeploymentPostprocessing = 0;
		};
		C094864E1B69A56100F8F2D2 /* Sources */ = {
			isa = PBXSourcesBuildPhase;
			buildActionMask = 2147483647;
			files = (
				C09486591B69A56100F8F2D2 /* Automated_SecretaryTests.m in Sources */,
			);
			runOnlyForDeploymentPostprocessing = 0;
		};
/* End PBXSourcesBuildPhase section */

/* Begin PBXTargetDependency section */
		C03E5B541D3FF45700E6A3F8 /* PBXTargetDependency */ = {
			isa = PBXTargetDependency;
			name = "mailcore osx";
			targetProxy = C03E5B531D3FF45700E6A3F8 /* PBXContainerItemProxy */;
		};
		C09486541B69A56100F8F2D2 /* PBXTargetDependency */ = {
			isa = PBXTargetDependency;
			target = C094863E1B69A56100F8F2D2 /* Automated Secretary */;
			targetProxy = C09486531B69A56100F8F2D2 /* PBXContainerItemProxy */;
		};
/* End PBXTargetDependency section */

/* Begin PBXVariantGroup section */
		C094864B1B69A56100F8F2D2 /* MainMenu.xib */ = {
			isa = PBXVariantGroup;
			children = (
				C094864C1B69A56100F8F2D2 /* Base */,
			);
			name = MainMenu.xib;
			sourceTree = "<group>";
		};
/* End PBXVariantGroup section */

/* Begin XCBuildConfiguration section */
		C094865A1B69A56100F8F2D2 /* Debug */ = {
			isa = XCBuildConfiguration;
			buildSettings = {
				ALWAYS_SEARCH_USER_PATHS = NO;
				CLANG_CXX_LANGUAGE_STANDARD = "gnu++0x";
				CLANG_CXX_LIBRARY = "libc++";
				CLANG_ENABLE_MODULES = YES;
				CLANG_ENABLE_OBJC_ARC = YES;
				CLANG_WARN_BOOL_CONVERSION = YES;
				CLANG_WARN_CONSTANT_CONVERSION = YES;
				CLANG_WARN_DIRECT_OBJC_ISA_USAGE = YES_ERROR;
				CLANG_WARN_EMPTY_BODY = YES;
				CLANG_WARN_ENUM_CONVERSION = YES;
				CLANG_WARN_INT_CONVERSION = YES;
				CLANG_WARN_OBJC_ROOT_CLASS = YES_ERROR;
				CLANG_WARN_UNREACHABLE_CODE = YES;
				CLANG_WARN__DUPLICATE_METHOD_MATCH = YES;
				CODE_SIGN_IDENTITY = "-";
				COPY_PHASE_STRIP = NO;
				DEBUG_INFORMATION_FORMAT = dwarf;
				ENABLE_STRICT_OBJC_MSGSEND = YES;
				ENABLE_TESTABILITY = YES;
				GCC_C_LANGUAGE_STANDARD = gnu99;
				GCC_DYNAMIC_NO_PIC = NO;
				GCC_NO_COMMON_BLOCKS = YES;
				GCC_OPTIMIZATION_LEVEL = 0;
				GCC_PREPROCESSOR_DEFINITIONS = (
					"DEBUG=1",
					"$(inherited)",
				);
				GCC_SYMBOLS_PRIVATE_EXTERN = NO;
				GCC_WARN_64_TO_32_BIT_CONVERSION = YES;
				GCC_WARN_ABOUT_RETURN_TYPE = YES_ERROR;
				GCC_WARN_UNDECLARED_SELECTOR = YES;
				GCC_WARN_UNINITIALIZED_AUTOS = YES_AGGRESSIVE;
				GCC_WARN_UNUSED_FUNCTION = YES;
				GCC_WARN_UNUSED_VARIABLE = YES;
				MACOSX_DEPLOYMENT_TARGET = 10.10;
				MTL_ENABLE_DEBUG_INFO = YES;
				ONLY_ACTIVE_ARCH = YES;
				SDKROOT = macosx;
			};
			name = Debug;
		};
		C094865B1B69A56100F8F2D2 /* Release */ = {
			isa = XCBuildConfiguration;
			buildSettings = {
				ALWAYS_SEARCH_USER_PATHS = NO;
				CLANG_CXX_LANGUAGE_STANDARD = "gnu++0x";
				CLANG_CXX_LIBRARY = "libc++";
				CLANG_ENABLE_MODULES = YES;
				CLANG_ENABLE_OBJC_ARC = YES;
				CLANG_WARN_BOOL_CONVERSION = YES;
				CLANG_WARN_CONSTANT_CONVERSION = YES;
				CLANG_WARN_DIRECT_OBJC_ISA_USAGE = YES_ERROR;
				CLANG_WARN_EMPTY_BODY = YES;
				CLANG_WARN_ENUM_CONVERSION = YES;
				CLANG_WARN_INT_CONVERSION = YES;
				CLANG_WARN_OBJC_ROOT_CLASS = YES_ERROR;
				CLANG_WARN_UNREACHABLE_CODE = YES;
				CLANG_WARN__DUPLICATE_METHOD_MATCH = YES;
				CODE_SIGN_IDENTITY = "-";
				COPY_PHASE_STRIP = NO;
				DEBUG_INFORMATION_FORMAT = "dwarf-with-dsym";
				ENABLE_NS_ASSERTIONS = NO;
				ENABLE_STRICT_OBJC_MSGSEND = YES;
				GCC_C_LANGUAGE_STANDARD = gnu99;
				GCC_NO_COMMON_BLOCKS = YES;
				GCC_WARN_64_TO_32_BIT_CONVERSION = YES;
				GCC_WARN_ABOUT_RETURN_TYPE = YES_ERROR;
				GCC_WARN_UNDECLARED_SELECTOR = YES;
				GCC_WARN_UNINITIALIZED_AUTOS = YES_AGGRESSIVE;
				GCC_WARN_UNUSED_FUNCTION = YES;
				GCC_WARN_UNUSED_VARIABLE = YES;
				MACOSX_DEPLOYMENT_TARGET = 10.10;
				MTL_ENABLE_DEBUG_INFO = NO;
				SDKROOT = macosx;
			};
			name = Release;
		};
		C094865D1B69A56100F8F2D2 /* Debug */ = {
			isa = XCBuildConfiguration;
			buildSettings = {
				ASSETCATALOG_COMPILER_APPICON_NAME = AppIcon;
				CLANG_ENABLE_MODULES = YES;
				COMBINE_HIDPI_IMAGES = YES;
				INFOPLIST_FILE = "Automated Secretary/Info.plist";
				INSTALL_PATH = "$(LOCAL_APPS_DIR)";
				LD_RUNPATH_SEARCH_PATHS = "$(inherited) @executable_path/../Frameworks";
				PRODUCT_BUNDLE_IDENTIFIER = "Zach.$(PRODUCT_NAME:rfc1034identifier)";
				PRODUCT_NAME = "$(TARGET_NAME)";
				SKIP_INSTALL = NO;
				SWIFT_OBJC_BRIDGING_HEADER = "Automated Secretary/Automated Secretary-Bridging-Header.h";
				SWIFT_OPTIMIZATION_LEVEL = "-Onone";
			};
			name = Debug;
		};
		C094865E1B69A56100F8F2D2 /* Release */ = {
			isa = XCBuildConfiguration;
			buildSettings = {
				ASSETCATALOG_COMPILER_APPICON_NAME = AppIcon;
				CLANG_ENABLE_MODULES = YES;
				COMBINE_HIDPI_IMAGES = YES;
				COPY_PHASE_STRIP = YES;
				INFOPLIST_FILE = "Automated Secretary/Info.plist";
				INSTALL_PATH = "$(LOCAL_APPS_DIR)";
				LD_RUNPATH_SEARCH_PATHS = "$(inherited) @executable_path/../Frameworks";
				PRODUCT_BUNDLE_IDENTIFIER = "Zach.$(PRODUCT_NAME:rfc1034identifier)";
				PRODUCT_NAME = "$(TARGET_NAME)";
				SKIP_INSTALL = NO;
				SWIFT_OBJC_BRIDGING_HEADER = "Automated Secretary/Automated Secretary-Bridging-Header.h";
			};
			name = Release;
		};
		C09486601B69A56100F8F2D2 /* Debug */ = {
			isa = XCBuildConfiguration;
			buildSettings = {
				BUNDLE_LOADER = "$(TEST_HOST)";
				COMBINE_HIDPI_IMAGES = YES;
				FRAMEWORK_SEARCH_PATHS = (
					"$(DEVELOPER_FRAMEWORKS_DIR)",
					"$(inherited)",
				);
				GCC_PREPROCESSOR_DEFINITIONS = (
					"DEBUG=1",
					"$(inherited)",
				);
				INFOPLIST_FILE = "Automated SecretaryTests/Info.plist";
				LD_RUNPATH_SEARCH_PATHS = "$(inherited) @executable_path/../Frameworks @loader_path/../Frameworks";
				PRODUCT_BUNDLE_IDENTIFIER = "Zach.$(PRODUCT_NAME:rfc1034identifier)";
				PRODUCT_NAME = "$(TARGET_NAME)";
				TEST_HOST = "$(BUILT_PRODUCTS_DIR)/Automated Secretary.app/Contents/MacOS/Automated Secretary";
			};
			name = Debug;
		};
		C09486611B69A56100F8F2D2 /* Release */ = {
			isa = XCBuildConfiguration;
			buildSettings = {
				BUNDLE_LOADER = "$(TEST_HOST)";
				COMBINE_HIDPI_IMAGES = YES;
				FRAMEWORK_SEARCH_PATHS = (
					"$(DEVELOPER_FRAMEWORKS_DIR)",
					"$(inherited)",
				);
				INFOPLIST_FILE = "Automated SecretaryTests/Info.plist";
				LD_RUNPATH_SEARCH_PATHS = "$(inherited) @executable_path/../Frameworks @loader_path/../Frameworks";
				PRODUCT_BUNDLE_IDENTIFIER = "Zach.$(PRODUCT_NAME:rfc1034identifier)";
				PRODUCT_NAME = "$(TARGET_NAME)";
				TEST_HOST = "$(BUILT_PRODUCTS_DIR)/Automated Secretary.app/Contents/MacOS/Automated Secretary";
			};
			name = Release;
		};
/* End XCBuildConfiguration section */

/* Begin XCConfigurationList section */
		C094863A1B69A56100F8F2D2 /* Build configuration list for PBXProject "Automated Secretary" */ = {
			isa = XCConfigurationList;
			buildConfigurations = (
				C094865A1B69A56100F8F2D2 /* Debug */,
				C094865B1B69A56100F8F2D2 /* Release */,
			);
			defaultConfigurationIsVisible = 0;
			defaultConfigurationName = Release;
		};
		C094865C1B69A56100F8F2D2 /* Build configuration list for PBXNativeTarget "Automated Secretary" */ = {
			isa = XCConfigurationList;
			buildConfigurations = (
				C094865D1B69A56100F8F2D2 /* Debug */,
				C094865E1B69A56100F8F2D2 /* Release */,
			);
			defaultConfigurationIsVisible = 0;
			defaultConfigurationName = Release;
		};
		C094865F1B69A56100F8F2D2 /* Build configuration list for PBXNativeTarget "Automated SecretaryTests" */ = {
			isa = XCConfigurationList;
			buildConfigurations = (
				C09486601B69A56100F8F2D2 /* Debug */,
				C09486611B69A56100F8F2D2 /* Release */,
			);
			defaultConfigurationIsVisible = 0;
			defaultConfigurationName = Release;
		};
/* End XCConfigurationList section */
	};
	rootObject = C09486371B69A56100F8F2D2 /* Project object */;
}
